
Microsoft Visual Studio Solution File, Format Version 12.00
# Visual Studio Version 17
VisualStudioVersion = 17.14.36401.2 d17.14
MinimumVisualStudioVersion = 10.0.40219.1
Project("{FAE04EC0-301F-11D3-BF4B-00C04F79EFBC}") = "FSI.OnlineStore.Domain", "FSI.OnlineStore.Domain\FSI.OnlineStore.Domain.csproj", "{83B5C077-D78E-4FB7-BAE9-67B883EC23CA}"
EndProject
Project("{FAE04EC0-301F-11D3-BF4B-00C04F79EFBC}") = "FSI.OnlineStore.Application", "FSI.OnlineStore.Application\FSI.OnlineStore.Application.csproj", "{3A24C2C9-31AD-4A1C-B2CA-1B34B128D716}"
EndProject
Project("{FAE04EC0-301F-11D3-BF4B-00C04F79EFBC}") = "FSI.OnlineStore.Infrastructure", "FSI.OnlineStore.Infrastructure\FSI.OnlineStore.Infrastructure.csproj", "{D37273AE-EAC4-45B3-8436-87F2D5F929A4}"
EndProject
Project("{FAE04EC0-301F-11D3-BF4B-00C04F79EFBC}") = "FSI.OnlineStore.Api", "FSI.OnlineStore.Api\FSI.OnlineStore.Api.csproj", "{E0BDF298-D06C-4528-9E5E-CD2BCB9723DA}"
EndProject
Global
	GlobalSection(SolutionConfigurationPlatforms) = preSolution
		Debug|Any CPU = Debug|Any CPU
		Release|Any CPU = Release|Any CPU
	EndGlobalSection
	GlobalSection(ProjectConfigurationPlatforms) = postSolution
		{83B5C077-D78E-4FB7-BAE9-67B883EC23CA}.Debug|Any CPU.ActiveCfg = Debug|Any CPU
		{83B5C077-D78E-4FB7-BAE9-67B883EC23CA}.Debug|Any CPU.Build.0 = Debug|Any CPU
		{83B5C077-D78E-4FB7-BAE9-67B883EC23CA}.Release|Any CPU.ActiveCfg = Release|Any CPU
		{83B5C077-D78E-4FB7-BAE9-67B883EC23CA}.Release|Any CPU.Build.0 = Release|Any CPU
		{3A24C2C9-31AD-4A1C-B2CA-1B34B128D716}.Debug|Any CPU.ActiveCfg = Debug|Any CPU
		{3A24C2C9-31AD-4A1C-B2CA-1B34B128D716}.Debug|Any CPU.Build.0 = Debug|Any CPU
		{3A24C2C9-31AD-4A1C-B2CA-1B34B128D716}.Release|Any CPU.ActiveCfg = Release|Any CPU
		{3A24C2C9-31AD-4A1C-B2CA-1B34B128D716}.Release|Any CPU.Build.0 = Release|Any CPU
		{D37273AE-EAC4-45B3-8436-87F2D5F929A4}.Debug|Any CPU.ActiveCfg = Debug|Any CPU
		{D37273AE-EAC4-45B3-8436-87F2D5F929A4}.Debug|Any CPU.Build.0 = Debug|Any CPU
		{D37273AE-EAC4-45B3-8436-87F2D5F929A4}.Release|Any CPU.ActiveCfg = Release|Any CPU
		{D37273AE-EAC4-45B3-8436-87F2D5F929A4}.Release|Any CPU.Build.0 = Release|Any CPU
		{E0BDF298-D06C-4528-9E5E-CD2BCB9723DA}.Debug|Any CPU.ActiveCfg = Debug|Any CPU
		{E0BDF298-D06C-4528-9E5E-CD2BCB9723DA}.Debug|Any CPU.Build.0 = Debug|Any CPU
		{E0BDF298-D06C-4528-9E5E-CD2BCB9723DA}.Release|Any CPU.ActiveCfg = Release|Any CPU
		{E0BDF298-D06C-4528-9E5E-CD2BCB9723DA}.Release|Any CPU.Build.0 = Release|Any CPU
	EndGlobalSection
	GlobalSection(SolutionProperties) = preSolution
		HideSolutionNode = FALSE
	EndGlobalSection
	GlobalSection(ExtensibilityGlobals) = postSolution
		SolutionGuid = {B9E59247-17A3-417F-A8E2-27B0A43ACFFE}
	EndGlobalSection
EndGlobal
